// !$*UTF8*$!
{
	archiveVersion = 1;
	classes = {
	};
	objectVersion = 55;
	objects = {

/* Begin PBXBuildFile section */
		3F7026F48BA41AA3C0F33FD3 /* Pods_Weather_Clone.framework in Frameworks */ = {isa = PBXBuildFile; fileRef = FD9171073D7B69AFC3C5C182 /* Pods_Weather_Clone.framework */; };
		A9DB8966285B27D30057E483 /* AppDelegate.swift in Sources */ = {isa = PBXBuildFile; fileRef = A9DB8965285B27D30057E483 /* AppDelegate.swift */; };
		A9DB8968285B27D30057E483 /* SceneDelegate.swift in Sources */ = {isa = PBXBuildFile; fileRef = A9DB8967285B27D30057E483 /* SceneDelegate.swift */; };
		A9DB896A285B27D30057E483 /* MainViewController.swift in Sources */ = {isa = PBXBuildFile; fileRef = A9DB8969285B27D30057E483 /* MainViewController.swift */; };
		A9DB896F285B27D40057E483 /* Assets.xcassets in Resources */ = {isa = PBXBuildFile; fileRef = A9DB896E285B27D40057E483 /* Assets.xcassets */; };
		A9DB8972285B27D40057E483 /* LaunchScreen.storyboard in Resources */ = {isa = PBXBuildFile; fileRef = A9DB8970285B27D40057E483 /* LaunchScreen.storyboard */; };
		A9DD3F65286364A700E47F6F /* Image.swift in Sources */ = {isa = PBXBuildFile; fileRef = A9DD3F64286364A700E47F6F /* Image.swift */; };
		A9DD3F67286364B900E47F6F /* Const.swift in Sources */ = {isa = PBXBuildFile; fileRef = A9DD3F66286364B900E47F6F /* Const.swift */; };
		A9DD3F69286366F600E47F6F /* MainView.swift in Sources */ = {isa = PBXBuildFile; fileRef = A9DD3F68286366F600E47F6F /* MainView.swift */; };
		A9DD3F742865812600E47F6F /* StickyHeaderView.swift in Sources */ = {isa = PBXBuildFile; fileRef = A9DD3F732865812600E47F6F /* StickyHeaderView.swift */; };
		A9DD3F762865812D00E47F6F /* HeaderView.swift in Sources */ = {isa = PBXBuildFile; fileRef = A9DD3F752865812D00E47F6F /* HeaderView.swift */; };
		A9DD3F792865821C00E47F6F /* UIColor+.swift in Sources */ = {isa = PBXBuildFile; fileRef = A9DD3F782865821C00E47F6F /* UIColor+.swift */; };
		A9DD3F7E28658CE100E47F6F /* TodayWeatherTableViewCell.swift in Sources */ = {isa = PBXBuildFile; fileRef = A9DD3F7D28658CE100E47F6F /* TodayWeatherTableViewCell.swift */; };
		A9DD3F8028659CCA00E47F6F /* TodayWeatherCollectionViewCell.swift in Sources */ = {isa = PBXBuildFile; fileRef = A9DD3F7F28659CCA00E47F6F /* TodayWeatherCollectionViewCell.swift */; };
		A9DD3F822865A66A00E47F6F /* TodayMsgTableViewCell.swift in Sources */ = {isa = PBXBuildFile; fileRef = A9DD3F812865A66A00E47F6F /* TodayMsgTableViewCell.swift */; };
		A9DD3F842865D5B600E47F6F /* UILabel+.swift in Sources */ = {isa = PBXBuildFile; fileRef = A9DD3F832865D5B600E47F6F /* UILabel+.swift */; };
/* End PBXBuildFile section */

/* Begin PBXFileReference section */
		738C02730DE3D2ACE22586B3 /* Pods-Weather-Clone.debug.xcconfig */ = {isa = PBXFileReference; includeInIndex = 1; lastKnownFileType = text.xcconfig; name = "Pods-Weather-Clone.debug.xcconfig"; path = "Target Support Files/Pods-Weather-Clone/Pods-Weather-Clone.debug.xcconfig"; sourceTree = "<group>"; };
		A9DB8962285B27D30057E483 /* Weather-Clone.app */ = {isa = PBXFileReference; explicitFileType = wrapper.application; includeInIndex = 0; path = "Weather-Clone.app"; sourceTree = BUILT_PRODUCTS_DIR; };
		A9DB8965285B27D30057E483 /* AppDelegate.swift */ = {isa = PBXFileReference; lastKnownFileType = sourcecode.swift; path = AppDelegate.swift; sourceTree = "<group>"; };
		A9DB8967285B27D30057E483 /* SceneDelegate.swift */ = {isa = PBXFileReference; lastKnownFileType = sourcecode.swift; path = SceneDelegate.swift; sourceTree = "<group>"; };
		A9DB8969285B27D30057E483 /* MainViewController.swift */ = {isa = PBXFileReference; lastKnownFileType = sourcecode.swift; path = MainViewController.swift; sourceTree = "<group>"; };
		A9DB896E285B27D40057E483 /* Assets.xcassets */ = {isa = PBXFileReference; lastKnownFileType = folder.assetcatalog; path = Assets.xcassets; sourceTree = "<group>"; };
		A9DB8971285B27D40057E483 /* Base */ = {isa = PBXFileReference; lastKnownFileType = file.storyboard; name = Base; path = Base.lproj/LaunchScreen.storyboard; sourceTree = "<group>"; };
		A9DB8973285B27D40057E483 /* Info.plist */ = {isa = PBXFileReference; lastKnownFileType = text.plist.xml; path = Info.plist; sourceTree = "<group>"; };
		A9DD3F64286364A700E47F6F /* Image.swift */ = {isa = PBXFileReference; lastKnownFileType = sourcecode.swift; path = Image.swift; sourceTree = "<group>"; };
		A9DD3F66286364B900E47F6F /* Const.swift */ = {isa = PBXFileReference; lastKnownFileType = sourcecode.swift; path = Const.swift; sourceTree = "<group>"; };
		A9DD3F68286366F600E47F6F /* MainView.swift */ = {isa = PBXFileReference; lastKnownFileType = sourcecode.swift; path = MainView.swift; sourceTree = "<group>"; };
		A9DD3F732865812600E47F6F /* StickyHeaderView.swift */ = {isa = PBXFileReference; lastKnownFileType = sourcecode.swift; path = StickyHeaderView.swift; sourceTree = "<group>"; };
		A9DD3F752865812D00E47F6F /* HeaderView.swift */ = {isa = PBXFileReference; lastKnownFileType = sourcecode.swift; path = HeaderView.swift; sourceTree = "<group>"; };
		A9DD3F782865821C00E47F6F /* UIColor+.swift */ = {isa = PBXFileReference; lastKnownFileType = sourcecode.swift; path = "UIColor+.swift"; sourceTree = "<group>"; };
		A9DD3F7D28658CE100E47F6F /* TodayWeatherTableViewCell.swift */ = {isa = PBXFileReference; lastKnownFileType = sourcecode.swift; path = TodayWeatherTableViewCell.swift; sourceTree = "<group>"; };
		A9DD3F7F28659CCA00E47F6F /* TodayWeatherCollectionViewCell.swift */ = {isa = PBXFileReference; lastKnownFileType = sourcecode.swift; path = TodayWeatherCollectionViewCell.swift; sourceTree = "<group>"; };
		A9DD3F812865A66A00E47F6F /* TodayMsgTableViewCell.swift */ = {isa = PBXFileReference; lastKnownFileType = sourcecode.swift; path = TodayMsgTableViewCell.swift; sourceTree = "<group>"; };
		A9DD3F832865D5B600E47F6F /* UILabel+.swift */ = {isa = PBXFileReference; lastKnownFileType = sourcecode.swift; path = "UILabel+.swift"; sourceTree = "<group>"; };
		B9121BCFD0EED15BC7847F9A /* Pods-Weather-Clone.release.xcconfig */ = {isa = PBXFileReference; includeInIndex = 1; lastKnownFileType = text.xcconfig; name = "Pods-Weather-Clone.release.xcconfig"; path = "Target Support Files/Pods-Weather-Clone/Pods-Weather-Clone.release.xcconfig"; sourceTree = "<group>"; };
		FD9171073D7B69AFC3C5C182 /* Pods_Weather_Clone.framework */ = {isa = PBXFileReference; explicitFileType = wrapper.framework; includeInIndex = 0; path = Pods_Weather_Clone.framework; sourceTree = BUILT_PRODUCTS_DIR; };
/* End PBXFileReference section */

/* Begin PBXFrameworksBuildPhase section */
		A9DB895F285B27D30057E483 /* Frameworks */ = {
			isa = PBXFrameworksBuildPhase;
			buildActionMask = 2147483647;
			files = (
				3F7026F48BA41AA3C0F33FD3 /* Pods_Weather_Clone.framework in Frameworks */,
			);
			runOnlyForDeploymentPostprocessing = 0;
		};
/* End PBXFrameworksBuildPhase section */

/* Begin PBXGroup section */
		5B3AB46A32DA19FB091CD2BD /* Frameworks */ = {
			isa = PBXGroup;
			children = (
				FD9171073D7B69AFC3C5C182 /* Pods_Weather_Clone.framework */,
			);
			name = Frameworks;
			sourceTree = "<group>";
		};
		A9DB8959285B27D30057E483 = {
			isa = PBXGroup;
			children = (
				A9DB8964285B27D30057E483 /* Weather-Clone */,
				A9DB8963285B27D30057E483 /* Products */,
				D8FFA9EC15CF47E0859530C5 /* Pods */,
				5B3AB46A32DA19FB091CD2BD /* Frameworks */,
			);
			sourceTree = "<group>";
		};
		A9DB8963285B27D30057E483 /* Products */ = {
			isa = PBXGroup;
			children = (
				A9DB8962285B27D30057E483 /* Weather-Clone.app */,
			);
			name = Products;
			sourceTree = "<group>";
		};
		A9DB8964285B27D30057E483 /* Weather-Clone */ = {
			isa = PBXGroup;
			children = (
				A9DB897F285D95390057E483 /* Configuration */,
				A9DD3F772865820A00E47F6F /* Extension */,
				A9DB8980285D953E0057E483 /* Scene */,
				A9DB8973285B27D40057E483 /* Info.plist */,
			);
			path = "Weather-Clone";
			sourceTree = "<group>";
		};
		A9DB897F285D95390057E483 /* Configuration */ = {
			isa = PBXGroup;
			children = (
				A9DB8982285D95540057E483 /* Supports */,
				A9DB8981285D954A0057E483 /* Resources */,
				A9DD3F63286363F900E47F6F /* Constants */,
			);
			path = Configuration;
			sourceTree = "<group>";
		};
		A9DB8980285D953E0057E483 /* Scene */ = {
			isa = PBXGroup;
			children = (
				A9DB8983285D9ADE0057E483 /* Main */,
			);
			path = Scene;
			sourceTree = "<group>";
		};
		A9DB8981285D954A0057E483 /* Resources */ = {
			isa = PBXGroup;
			children = (
				A9DB896E285B27D40057E483 /* Assets.xcassets */,
			);
			path = Resources;
			sourceTree = "<group>";
		};
		A9DB8982285D95540057E483 /* Supports */ = {
			isa = PBXGroup;
			children = (
				A9DB8970285B27D40057E483 /* LaunchScreen.storyboard */,
				A9DB8965285B27D30057E483 /* AppDelegate.swift */,
				A9DB8967285B27D30057E483 /* SceneDelegate.swift */,
			);
			path = Supports;
			sourceTree = "<group>";
		};
		A9DB8983285D9ADE0057E483 /* Main */ = {
			isa = PBXGroup;
			children = (
				A9DD3F5F2863625800E47F6F /* View */,
				A9DD3F602863625B00E47F6F /* Controller */,
			);
			path = Main;
			sourceTree = "<group>";
		};
		A9DD3F5F2863625800E47F6F /* View */ = {
			isa = PBXGroup;
			children = (
				A9DD3F68286366F600E47F6F /* MainView.swift */,
				A9DD3F732865812600E47F6F /* StickyHeaderView.swift */,
				A9DD3F752865812D00E47F6F /* HeaderView.swift */,
				A9DD3F7C28658B1100E47F6F /* Cell */,
			);
			path = View;
			sourceTree = "<group>";
		};
		A9DD3F602863625B00E47F6F /* Controller */ = {
			isa = PBXGroup;
			children = (
				A9DB8969285B27D30057E483 /* MainViewController.swift */,
			);
			path = Controller;
			sourceTree = "<group>";
		};
		A9DD3F63286363F900E47F6F /* Constants */ = {
			isa = PBXGroup;
			children = (
				A9DD3F66286364B900E47F6F /* Const.swift */,
				A9DD3F64286364A700E47F6F /* Image.swift */,
			);
			path = Constants;
			sourceTree = "<group>";
		};
		A9DD3F772865820A00E47F6F /* Extension */ = {
			isa = PBXGroup;
			children = (
				A9DD3F782865821C00E47F6F /* UIColor+.swift */,
				A9DD3F832865D5B600E47F6F /* UILabel+.swift */,
			);
			path = Extension;
			sourceTree = "<group>";
		};
		A9DD3F7C28658B1100E47F6F /* Cell */ = {
			isa = PBXGroup;
			children = (
				A9DD3F812865A66A00E47F6F /* TodayMsgTableViewCell.swift */,
				A9DD3F7D28658CE100E47F6F /* TodayWeatherTableViewCell.swift */,
				A9DD3F7F28659CCA00E47F6F /* TodayWeatherCollectionViewCell.swift */,
			);
			path = Cell;
			sourceTree = "<group>";
		};
		D8FFA9EC15CF47E0859530C5 /* Pods */ = {
			isa = PBXGroup;
			children = (
				738C02730DE3D2ACE22586B3 /* Pods-Weather-Clone.debug.xcconfig */,
				B9121BCFD0EED15BC7847F9A /* Pods-Weather-Clone.release.xcconfig */,
			);
			path = Pods;
			sourceTree = "<group>";
		};
/* End PBXGroup section */

/* Begin PBXNativeTarget section */
		A9DB8961285B27D30057E483 /* Weather-Clone */ = {
			isa = PBXNativeTarget;
			buildConfigurationList = A9DB8976285B27D40057E483 /* Build configuration list for PBXNativeTarget "Weather-Clone" */;
			buildPhases = (
				B5B821BA053CC77DD549649E /* [CP] Check Pods Manifest.lock */,
				A9DB895E285B27D30057E483 /* Sources */,
				A9DB895F285B27D30057E483 /* Frameworks */,
				A9DB8960285B27D30057E483 /* Resources */,
				F4DDF7DBBCC0AB8D0FEE0DED /* [CP] Embed Pods Frameworks */,
			);
			buildRules = (
			);
			dependencies = (
			);
			name = "Weather-Clone";
			productName = "Weather-Clone";
			productReference = A9DB8962285B27D30057E483 /* Weather-Clone.app */;
			productType = "com.apple.product-type.application";
		};
/* End PBXNativeTarget section */

/* Begin PBXProject section */
		A9DB895A285B27D30057E483 /* Project object */ = {
			isa = PBXProject;
			attributes = {
				BuildIndependentTargetsInParallel = 1;
				LastSwiftUpdateCheck = 1340;
				LastUpgradeCheck = 1340;
				TargetAttributes = {
					A9DB8961285B27D30057E483 = {
						CreatedOnToolsVersion = 13.4.1;
					};
				};
			};
			buildConfigurationList = A9DB895D285B27D30057E483 /* Build configuration list for PBXProject "Weather-Clone" */;
			compatibilityVersion = "Xcode 13.0";
			developmentRegion = en;
			hasScannedForEncodings = 0;
			knownRegions = (
				en,
				Base,
			);
			mainGroup = A9DB8959285B27D30057E483;
			productRefGroup = A9DB8963285B27D30057E483 /* Products */;
			projectDirPath = "";
			projectRoot = "";
			targets = (
				A9DB8961285B27D30057E483 /* Weather-Clone */,
			);
		};
/* End PBXProject section */

/* Begin PBXResourcesBuildPhase section */
		A9DB8960285B27D30057E483 /* Resources */ = {
			isa = PBXResourcesBuildPhase;
			buildActionMask = 2147483647;
			files = (
				A9DB8972285B27D40057E483 /* LaunchScreen.storyboard in Resources */,
				A9DB896F285B27D40057E483 /* Assets.xcassets in Resources */,
			);
			runOnlyForDeploymentPostprocessing = 0;
		};
/* End PBXResourcesBuildPhase section */

/* Begin PBXShellScriptBuildPhase section */
		B5B821BA053CC77DD549649E /* [CP] Check Pods Manifest.lock */ = {
			isa = PBXShellScriptBuildPhase;
			buildActionMask = 2147483647;
			files = (
			);
			inputFileListPaths = (
			);
			inputPaths = (
				"${PODS_PODFILE_DIR_PATH}/Podfile.lock",
				"${PODS_ROOT}/Manifest.lock",
			);
			name = "[CP] Check Pods Manifest.lock";
			outputFileListPaths = (
			);
			outputPaths = (
				"$(DERIVED_FILE_DIR)/Pods-Weather-Clone-checkManifestLockResult.txt",
			);
			runOnlyForDeploymentPostprocessing = 0;
			shellPath = /bin/sh;
			shellScript = "diff \"${PODS_PODFILE_DIR_PATH}/Podfile.lock\" \"${PODS_ROOT}/Manifest.lock\" > /dev/null\nif [ $? != 0 ] ; then\n    # print error to STDERR\n    echo \"error: The sandbox is not in sync with the Podfile.lock. Run 'pod install' or update your CocoaPods installation.\" >&2\n    exit 1\nfi\n# This output is used by Xcode 'outputs' to avoid re-running this script phase.\necho \"SUCCESS\" > \"${SCRIPT_OUTPUT_FILE_0}\"\n";
			showEnvVarsInLog = 0;
		};
		F4DDF7DBBCC0AB8D0FEE0DED /* [CP] Embed Pods Frameworks */ = {
			isa = PBXShellScriptBuildPhase;
			buildActionMask = 2147483647;
			files = (
			);
			inputFileListPaths = (
				"${PODS_ROOT}/Target Support Files/Pods-Weather-Clone/Pods-Weather-Clone-frameworks-${CONFIGURATION}-input-files.xcfilelist",
			);
			name = "[CP] Embed Pods Frameworks";
			outputFileListPaths = (
				"${PODS_ROOT}/Target Support Files/Pods-Weather-Clone/Pods-Weather-Clone-frameworks-${CONFIGURATION}-output-files.xcfilelist",
			);
			runOnlyForDeploymentPostprocessing = 0;
			shellPath = /bin/sh;
			shellScript = "\"${PODS_ROOT}/Target Support Files/Pods-Weather-Clone/Pods-Weather-Clone-frameworks.sh\"\n";
			showEnvVarsInLog = 0;
		};
/* End PBXShellScriptBuildPhase section */

/* Begin PBXSourcesBuildPhase section */
		A9DB895E285B27D30057E483 /* Sources */ = {
			isa = PBXSourcesBuildPhase;
			buildActionMask = 2147483647;
			files = (
				A9DD3F7E28658CE100E47F6F /* TodayWeatherTableViewCell.swift in Sources */,
				A9DB896A285B27D30057E483 /* MainViewController.swift in Sources */,
				A9DD3F742865812600E47F6F /* StickyHeaderView.swift in Sources */,
				A9DD3F69286366F600E47F6F /* MainView.swift in Sources */,
				A9DD3F8028659CCA00E47F6F /* TodayWeatherCollectionViewCell.swift in Sources */,
				A9DB8966285B27D30057E483 /* AppDelegate.swift in Sources */,
				A9DD3F792865821C00E47F6F /* UIColor+.swift in Sources */,
				A9DB8968285B27D30057E483 /* SceneDelegate.swift in Sources */,
				A9DD3F822865A66A00E47F6F /* TodayMsgTableViewCell.swift in Sources */,
				A9DD3F65286364A700E47F6F /* Image.swift in Sources */,
				A9DD3F67286364B900E47F6F /* Const.swift in Sources */,
				A9DD3F762865812D00E47F6F /* HeaderView.swift in Sources */,
				A9DD3F842865D5B600E47F6F /* UILabel+.swift in Sources */,
			);
			runOnlyForDeploymentPostprocessing = 0;
		};
/* End PBXSourcesBuildPhase section */

/* Begin PBXVariantGroup section */
		A9DB8970285B27D40057E483 /* LaunchScreen.storyboard */ = {
			isa = PBXVariantGroup;
			children = (
				A9DB8971285B27D40057E483 /* Base */,
			);
			name = LaunchScreen.storyboard;
			sourceTree = "<group>";
		};
/* End PBXVariantGroup section */

/* Begin XCBuildConfiguration section */
		A9DB8974285B27D40057E483 /* Debug */ = {
			isa = XCBuildConfiguration;
			buildSettings = {
				ALWAYS_SEARCH_USER_PATHS = NO;
				CLANG_ANALYZER_NONNULL = YES;
				CLANG_ANALYZER_NUMBER_OBJECT_CONVERSION = YES_AGGRESSIVE;
				CLANG_CXX_LANGUAGE_STANDARD = "gnu++17";
				CLANG_ENABLE_MODULES = YES;
				CLANG_ENABLE_OBJC_ARC = YES;
				CLANG_ENABLE_OBJC_WEAK = YES;
				CLANG_WARN_BLOCK_CAPTURE_AUTORELEASING = YES;
				CLANG_WARN_BOOL_CONVERSION = YES;
				CLANG_WARN_COMMA = YES;
				CLANG_WARN_CONSTANT_CONVERSION = YES;
				CLANG_WARN_DEPRECATED_OBJC_IMPLEMENTATIONS = YES;
				CLANG_WARN_DIRECT_OBJC_ISA_USAGE = YES_ERROR;
				CLANG_WARN_DOCUMENTATION_COMMENTS = YES;
				CLANG_WARN_EMPTY_BODY = YES;
				CLANG_WARN_ENUM_CONVERSION = YES;
				CLANG_WARN_INFINITE_RECURSION = YES;
				CLANG_WARN_INT_CONVERSION = YES;
				CLANG_WARN_NON_LITERAL_NULL_CONVERSION = YES;
				CLANG_WARN_OBJC_IMPLICIT_RETAIN_SELF = YES;
				CLANG_WARN_OBJC_LITERAL_CONVERSION = YES;
				CLANG_WARN_OBJC_ROOT_CLASS = YES_ERROR;
				CLANG_WARN_QUOTED_INCLUDE_IN_FRAMEWORK_HEADER = YES;
				CLANG_WARN_RANGE_LOOP_ANALYSIS = YES;
				CLANG_WARN_STRICT_PROTOTYPES = YES;
				CLANG_WARN_SUSPICIOUS_MOVE = YES;
				CLANG_WARN_UNGUARDED_AVAILABILITY = YES_AGGRESSIVE;
				CLANG_WARN_UNREACHABLE_CODE = YES;
				CLANG_WARN__DUPLICATE_METHOD_MATCH = YES;
				COPY_PHASE_STRIP = NO;
				DEBUG_INFORMATION_FORMAT = dwarf;
				ENABLE_STRICT_OBJC_MSGSEND = YES;
				ENABLE_TESTABILITY = YES;
				GCC_C_LANGUAGE_STANDARD = gnu11;
				GCC_DYNAMIC_NO_PIC = NO;
				GCC_NO_COMMON_BLOCKS = YES;
				GCC_OPTIMIZATION_LEVEL = 0;
				GCC_PREPROCESSOR_DEFINITIONS = (
					"DEBUG=1",
					"$(inherited)",
				);
				GCC_WARN_64_TO_32_BIT_CONVERSION = YES;
				GCC_WARN_ABOUT_RETURN_TYPE = YES_ERROR;
				GCC_WARN_UNDECLARED_SELECTOR = YES;
				GCC_WARN_UNINITIALIZED_AUTOS = YES_AGGRESSIVE;
				GCC_WARN_UNUSED_FUNCTION = YES;
				GCC_WARN_UNUSED_VARIABLE = YES;
				IPHONEOS_DEPLOYMENT_TARGET = 15.5;
				MTL_ENABLE_DEBUG_INFO = INCLUDE_SOURCE;
				MTL_FAST_MATH = YES;
				ONLY_ACTIVE_ARCH = YES;
				SDKROOT = iphoneos;
				SWIFT_ACTIVE_COMPILATION_CONDITIONS = DEBUG;
				SWIFT_OPTIMIZATION_LEVEL = "-Onone";
			};
			name = Debug;
		};
		A9DB8975285B27D40057E483 /* Release */ = {
			isa = XCBuildConfiguration;
			buildSettings = {
				ALWAYS_SEARCH_USER_PATHS = NO;
				CLANG_ANALYZER_NONNULL = YES;
				CLANG_ANALYZER_NUMBER_OBJECT_CONVERSION = YES_AGGRESSIVE;
				CLANG_CXX_LANGUAGE_STANDARD = "gnu++17";
				CLANG_ENABLE_MODULES = YES;
				CLANG_ENABLE_OBJC_ARC = YES;
				CLANG_ENABLE_OBJC_WEAK = YES;
				CLANG_WARN_BLOCK_CAPTURE_AUTORELEASING = YES;
				CLANG_WARN_BOOL_CONVERSION = YES;
				CLANG_WARN_COMMA = YES;
				CLANG_WARN_CONSTANT_CONVERSION = YES;
				CLANG_WARN_DEPRECATED_OBJC_IMPLEMENTATIONS = YES;
				CLANG_WARN_DIRECT_OBJC_ISA_USAGE = YES_ERROR;
				CLANG_WARN_DOCUMENTATION_COMMENTS = YES;
				CLANG_WARN_EMPTY_BODY = YES;
				CLANG_WARN_ENUM_CONVERSION = YES;
				CLANG_WARN_INFINITE_RECURSION = YES;
				CLANG_WARN_INT_CONVERSION = YES;
				CLANG_WARN_NON_LITERAL_NULL_CONVERSION = YES;
				CLANG_WARN_OBJC_IMPLICIT_RETAIN_SELF = YES;
				CLANG_WARN_OBJC_LITERAL_CONVERSION = YES;
				CLANG_WARN_OBJC_ROOT_CLASS = YES_ERROR;
				CLANG_WARN_QUOTED_INCLUDE_IN_FRAMEWORK_HEADER = YES;
				CLANG_WARN_RANGE_LOOP_ANALYSIS = YES;
				CLANG_WARN_STRICT_PROTOTYPES = YES;
				CLANG_WARN_SUSPICIOUS_MOVE = YES;
				CLANG_WARN_UNGUARDED_AVAILABILITY = YES_AGGRESSIVE;
				CLANG_WARN_UNREACHABLE_CODE = YES;
				CLANG_WARN__DUPLICATE_METHOD_MATCH = YES;
				COPY_PHASE_STRIP = NO;
				DEBUG_INFORMATION_FORMAT = "dwarf-with-dsym";
				ENABLE_NS_ASSERTIONS = NO;
				ENABLE_STRICT_OBJC_MSGSEND = YES;
				GCC_C_LANGUAGE_STANDARD = gnu11;
				GCC_NO_COMMON_BLOCKS = YES;
				GCC_WARN_64_TO_32_BIT_CONVERSION = YES;
				GCC_WARN_ABOUT_RETURN_TYPE = YES_ERROR;
				GCC_WARN_UNDECLARED_SELECTOR = YES;
				GCC_WARN_UNINITIALIZED_AUTOS = YES_AGGRESSIVE;
				GCC_WARN_UNUSED_FUNCTION = YES;
				GCC_WARN_UNUSED_VARIABLE = YES;
				IPHONEOS_DEPLOYMENT_TARGET = 15.5;
				MTL_ENABLE_DEBUG_INFO = NO;
				MTL_FAST_MATH = YES;
				SDKROOT = iphoneos;
				SWIFT_COMPILATION_MODE = wholemodule;
				SWIFT_OPTIMIZATION_LEVEL = "-O";
				VALIDATE_PRODUCT = YES;
			};
			name = Release;
		};
		A9DB8977285B27D40057E483 /* Debug */ = {
			isa = XCBuildConfiguration;
			baseConfigurationReference = 738C02730DE3D2ACE22586B3 /* Pods-Weather-Clone.debug.xcconfig */;
			buildSettings = {
				ASSETCATALOG_COMPILER_APPICON_NAME = AppIcon;
				ASSETCATALOG_COMPILER_GLOBAL_ACCENT_COLOR_NAME = AccentColor;
				CODE_SIGN_STYLE = Automatic;
				CURRENT_PROJECT_VERSION = 1;
				GENERATE_INFOPLIST_FILE = YES;
				INFOPLIST_FILE = "Weather-Clone/Info.plist";
				INFOPLIST_KEY_UIApplicationSupportsIndirectInputEvents = YES;
				INFOPLIST_KEY_UILaunchStoryboardName = LaunchScreen;
				INFOPLIST_KEY_UISupportedInterfaceOrientations_iPad = "UIInterfaceOrientationPortrait UIInterfaceOrientationPortraitUpsideDown UIInterfaceOrientationLandscapeLeft UIInterfaceOrientationLandscapeRight";
				INFOPLIST_KEY_UISupportedInterfaceOrientations_iPhone = "UIInterfaceOrientationPortrait UIInterfaceOrientationLandscapeLeft UIInterfaceOrientationLandscapeRight";
				LD_RUNPATH_SEARCH_PATHS = (
					"$(inherited)",
					"@executable_path/Frameworks",
				);
				MARKETING_VERSION = 1.0;
				PRODUCT_BUNDLE_IDENTIFIER = "com.0inn.Weather-Clone";
				PRODUCT_NAME = "$(TARGET_NAME)";
				SWIFT_EMIT_LOC_STRINGS = YES;
				SWIFT_VERSION = 5.0;
				TARGETED_DEVICE_FAMILY = "1,2";
			};
			name = Debug;
		};
		A9DB8978285B27D40057E483 /* Release */ = {
			isa = XCBuildConfiguration;
			baseConfigurationReference = B9121BCFD0EED15BC7847F9A /* Pods-Weather-Clone.release.xcconfig */;
			buildSettings = {
				ASSETCATALOG_COMPILER_APPICON_NAME = AppIcon;
				ASSETCATALOG_COMPILER_GLOBAL_ACCENT_COLOR_NAME = AccentColor;
				CODE_SIGN_STYLE = Automatic;
				CURRENT_PROJECT_VERSION = 1;
				GENERATE_INFOPLIST_FILE = YES;
				INFOPLIST_FILE = "Weather-Clone/Info.plist";
				INFOPLIST_KEY_UIApplicationSupportsIndirectInputEvents = YES;
				INFOPLIST_KEY_UILaunchStoryboardName = LaunchScreen;
				INFOPLIST_KEY_UISupportedInterfaceOrientations_iPad = "UIInterfaceOrientationPortrait UIInterfaceOrientationPortraitUpsideDown UIInterfaceOrientationLandscapeLeft UIInterfaceOrientationLandscapeRight";
				INFOPLIST_KEY_UISupportedInterfaceOrientations_iPhone = "UIInterfaceOrientationPortrait UIInterfaceOrientationLandscapeLeft UIInterfaceOrientationLandscapeRight";
				LD_RUNPATH_SEARCH_PATHS = (
					"$(inherited)",
					"@executable_path/Frameworks",
				);
				MARKETING_VERSION = 1.0;
				PRODUCT_BUNDLE_IDENTIFIER = "com.0inn.Weather-Clone";
				PRODUCT_NAME = "$(TARGET_NAME)";
				SWIFT_EMIT_LOC_STRINGS = YES;
				SWIFT_VERSION = 5.0;
				TARGETED_DEVICE_FAMILY = "1,2";
			};
			name = Release;
		};
/* End XCBuildConfiguration section */

/* Begin XCConfigurationList section */
		A9DB895D285B27D30057E483 /* Build configuration list for PBXProject "Weather-Clone" */ = {
			isa = XCConfigurationList;
			buildConfigurations = (
				A9DB8974285B27D40057E483 /* Debug */,
				A9DB8975285B27D40057E483 /* Release */,
			);
			defaultConfigurationIsVisible = 0;
			defaultConfigurationName = Release;
		};
		A9DB8976285B27D40057E483 /* Build configuration list for PBXNativeTarget "Weather-Clone" */ = {
			isa = XCConfigurationList;
			buildConfigurations = (
				A9DB8977285B27D40057E483 /* Debug */,
				A9DB8978285B27D40057E483 /* Release */,
			);
			defaultConfigurationIsVisible = 0;
			defaultConfigurationName = Release;
		};
/* End XCConfigurationList section */
	};
	rootObject = A9DB895A285B27D30057E483 /* Project object */;
}
